
Microsoft Visual Studio Solution File, Format Version 12.00
# Visual Studio Version 17
VisualStudioVersion = 17.5.33627.172
MinimumVisualStudioVersion = 10.0.40219.1
Project("{F184B08F-C81C-45F6-A57F-5ABD9991F28F}") = "VB_Modbus_TCP_Client", "VB_Modbus_TCP_Client\VB_Modbus_TCP_Client.vbproj", "{2DFDF2A9-25F2-4B1A-8881-C7AB4E6A9EEB}"
EndProject
Global
	GlobalSection(SolutionConfigurationPlatforms) = preSolution
		Debug|Any CPU = Debug|Any CPU
		Release|Any CPU = Release|Any CPU
	EndGlobalSection
	GlobalSection(ProjectConfigurationPlatforms) = postSolution
		{2DFDF2A9-25F2-4B1A-8881-C7AB4E6A9EEB}.Debug|Any CPU.ActiveCfg = Debug|Any CPU
		{2DFDF2A9-25F2-4B1A-8881-C7AB4E6A9EEB}.Debug|Any CPU.Build.0 = Debug|Any CPU
		{2DFDF2A9-25F2-4B1A-8881-C7AB4E6A9EEB}.Release|Any CPU.ActiveCfg = Release|Any CPU
		{2DFDF2A9-25F2-4B1A-8881-C7AB4E6A9EEB}.Release|Any CPU.Build.0 = Release|Any CPU
	EndGlobalSection
	GlobalSection(SolutionProperties) = preSolution
		HideSolutionNode = FALSE
	EndGlobalSection
	GlobalSection(ExtensibilityGlobals) = postSolution
		SolutionGuid = {3080F665-46A9-4AC3-A06F-8C435955F71E}
	EndGlobalSection
EndGlobal
